{
  "name": "mod_cloudflare",
  "version": "1.0.4",
  "lockfileVersion": 1,
  "requires": true,
  "dependencies": {
    "ip-address": {
      "version": "5.9.2",
      "resolved": "https://registry.npmjs.org/ip-address/-/ip-address-5.9.2.tgz",
      "integrity": "sha512-7aeFm/7oqo0mMhubTSjZ2Juw/F+WJ3hyfCScNVRQdz5RSRhw1Rj4ZlBFsmEajeKgQDI8asqVs31h8DpxEv7IfQ==",
      "requires": {
        "jsbn": "1.1.0",
        "lodash": "^4.17.11",
        "sprintf-js": "1.1.2"
      },
      "dependencies": {
        "jsbn": {
          "version": "1.1.0",
          "resolved": "https://registry.npmjs.org/jsbn/-/jsbn-1.1.0.tgz",
          "integrity": "sha1-sBMHyym2GKHtJux56RH4A8TaAEA="
        }
      }
    },
    "ip-cidr": {
      "version": "2.0.2",
      "resolved": "https://registry.npmjs.org/ip-cidr/-/ip-cidr-2.0.2.tgz",
      "integrity": "sha512-4S23kpi6/vLp7fGBYFZKCxhdZZUkGxptIn5TqohnUexqMrbS1eGnveRXJarlUl6lQSgGsN9GQ7xqIPGyme/M3g==",
      "requires": {
        "ip-address": "^5.8.6",
        "jsbn": "^0.1.0"
      }
    },
    "jsbn": {
      "version": "0.1.1",
      "resolved": "https://registry.npmjs.org/jsbn/-/jsbn-0.1.1.tgz",
      "integrity": "sha1-peZUwuWi3rXyAdls77yoDA7y9RM="
    },
    "lodash": {
      "version": "4.17.14",
      "resolved": "https://registry.npmjs.org/lodash/-/lodash-4.17.14.tgz",
      "integrity": "sha512-mmKYbW3GLuJeX+iGP+Y7Gp1AiGHGbXHCOh/jZmrawMmsE7MS4znI3RL2FsjbqOyMayHInjOeykW7PEajUk1/xw=="
    },
    "sprintf-js": {
      "version": "1.1.2",
      "resolved": "https://registry.npmjs.org/sprintf-js/-/sprintf-js-1.1.2.tgz",
      "integrity": "sha512-VE0SOVEHCk7Qc8ulkWw3ntAzXuqf7S2lvwQaDLRnUeIEaKNQJzV6BwmLKhOqT61aGhfUMrXeaBk+oDGCzvhcug=="
    }
  }
}
